
Microsoft Visual Studio Solution File, Format Version 12.00
# Visual Studio 15
VisualStudioVersion = 15.0.28307.852
MinimumVisualStudioVersion = 10.0.40219.1
Project("{FAE04EC0-301F-11D3-BF4B-00C04F79EFBC}") = "03_ForIteration", "03_ForIteration\03_ForIteration.csproj", "{797A1C4A-4586-43DE-9479-56161B59F72B}"
EndProject
Global
	GlobalSection(SolutionConfigurationPlatforms) = preSolution
		Debug|Any CPU = Debug|Any CPU
		Release|Any CPU = Release|Any CPU
	EndGlobalSection
	GlobalSection(ProjectConfigurationPlatforms) = postSolution
		{797A1C4A-4586-43DE-9479-56161B59F72B}.Debug|Any CPU.ActiveCfg = Debug|Any CPU
		{797A1C4A-4586-43DE-9479-56161B59F72B}.Debug|Any CPU.Build.0 = Debug|Any CPU
		{797A1C4A-4586-43DE-9479-56161B59F72B}.Release|Any CPU.ActiveCfg = Release|Any CPU
		{797A1C4A-4586-43DE-9479-56161B59F72B}.Release|Any CPU.Build.0 = Release|Any CPU
	EndGlobalSection
	GlobalSection(SolutionProperties) = preSolution
		HideSolutionNode = FALSE
	EndGlobalSection
	GlobalSection(ExtensibilityGlobals) = postSolution
		SolutionGuid = {2C93B485-98A0-4A18-AF37-178813BF25F2}
	EndGlobalSection
EndGlobal
